
Microsoft Visual Studio Solution File, Format Version 12.00
# Visual Studio Version 17
VisualStudioVersion = 17.14.36511.14 d17.14
MinimumVisualStudioVersion = 10.0.40219.1
Project("{FAE04EC0-301F-11D3-BF4B-00C04F79EFBC}") = "ParcialProgramacion2", "ParcialProgramacion2\ParcialProgramacion2.csproj", "{D6530870-C083-4629-95C9-4E0A0B69C8E9}"
EndProject
Global
	GlobalSection(SolutionConfigurationPlatforms) = preSolution
		Debug|Any CPU = Debug|Any CPU
		Release|Any CPU = Release|Any CPU
	EndGlobalSection
	GlobalSection(ProjectConfigurationPlatforms) = postSolution
		{D6530870-C083-4629-95C9-4E0A0B69C8E9}.Debug|Any CPU.ActiveCfg = Debug|Any CPU
		{D6530870-C083-4629-95C9-4E0A0B69C8E9}.Debug|Any CPU.Build.0 = Debug|Any CPU
		{D6530870-C083-4629-95C9-4E0A0B69C8E9}.Release|Any CPU.ActiveCfg = Release|Any CPU
		{D6530870-C083-4629-95C9-4E0A0B69C8E9}.Release|Any CPU.Build.0 = Release|Any CPU
	EndGlobalSection
	GlobalSection(SolutionProperties) = preSolution
		HideSolutionNode = FALSE
	EndGlobalSection
	GlobalSection(ExtensibilityGlobals) = postSolution
		SolutionGuid = {5C613802-AF64-40C9-9A5D-B0B2D99DE254}
	EndGlobalSection
EndGlobal
